
Microsoft Visual Studio Solution File, Format Version 12.00
# Visual Studio Version 17
VisualStudioVersion = 17.4.33213.308
MinimumVisualStudioVersion = 10.0.40219.1
Project("{9A19103F-16F7-4668-BE54-9A1E7A4F7556}") = "H00N.Network", "H00N.Network\H00N.Network.csproj", "{A1F096E1-8C66-432B-9A85-4EAD52F3F3BC}"
EndProject
Project("{9A19103F-16F7-4668-BE54-9A1E7A4F7556}") = "TestClient", "TestClient\TestClient.csproj", "{1BC2BD5F-4905-4070-80E7-D0AE5F1036E2}"
EndProject
Project("{FAE04EC0-301F-11D3-BF4B-00C04F79EFBC}") = "PacketUtility", "PacketUtility\PacketUtility.csproj", "{0883F57A-B891-46D8-99F8-68790BE6F619}"
EndProject
Global
	GlobalSection(SolutionConfigurationPlatforms) = preSolution
		Debug|Any CPU = Debug|Any CPU
		Release|Any CPU = Release|Any CPU
	EndGlobalSection
	GlobalSection(ProjectConfigurationPlatforms) = postSolution
		{A1F096E1-8C66-432B-9A85-4EAD52F3F3BC}.Debug|Any CPU.ActiveCfg = Debug|Any CPU
		{A1F096E1-8C66-432B-9A85-4EAD52F3F3BC}.Debug|Any CPU.Build.0 = Debug|Any CPU
		{A1F096E1-8C66-432B-9A85-4EAD52F3F3BC}.Release|Any CPU.ActiveCfg = Release|Any CPU
		{A1F096E1-8C66-432B-9A85-4EAD52F3F3BC}.Release|Any CPU.Build.0 = Release|Any CPU
		{1BC2BD5F-4905-4070-80E7-D0AE5F1036E2}.Debug|Any CPU.ActiveCfg = Debug|Any CPU
		{1BC2BD5F-4905-4070-80E7-D0AE5F1036E2}.Debug|Any CPU.Build.0 = Debug|Any CPU
		{1BC2BD5F-4905-4070-80E7-D0AE5F1036E2}.Release|Any CPU.ActiveCfg = Release|Any CPU
		{1BC2BD5F-4905-4070-80E7-D0AE5F1036E2}.Release|Any CPU.Build.0 = Release|Any CPU
		{0883F57A-B891-46D8-99F8-68790BE6F619}.Debug|Any CPU.ActiveCfg = Debug|Any CPU
		{0883F57A-B891-46D8-99F8-68790BE6F619}.Debug|Any CPU.Build.0 = Debug|Any CPU
		{0883F57A-B891-46D8-99F8-68790BE6F619}.Release|Any CPU.ActiveCfg = Release|Any CPU
		{0883F57A-B891-46D8-99F8-68790BE6F619}.Release|Any CPU.Build.0 = Release|Any CPU
	EndGlobalSection
	GlobalSection(SolutionProperties) = preSolution
		HideSolutionNode = FALSE
	EndGlobalSection
	GlobalSection(ExtensibilityGlobals) = postSolution
		SolutionGuid = {ED92D332-B622-4304-8A11-3BA717E657A4}
	EndGlobalSection
EndGlobal
