
Microsoft Visual Studio Solution File, Format Version 12.00
# Visual Studio Version 17
VisualStudioVersion = 17.4.33213.308
MinimumVisualStudioVersion = 10.0.40219.1
Project("{FAE04EC0-301F-11D3-BF4B-00C04F79EFBC}") = "H00N.Network", "H00N.Network\H00N.Network.csproj", "{2F45A3E9-DC08-44AA-A38C-FCCD8B6F0D3E}"
EndProject
Global
	GlobalSection(SolutionConfigurationPlatforms) = preSolution
		Debug|Any CPU = Debug|Any CPU
		Release|Any CPU = Release|Any CPU
	EndGlobalSection
	GlobalSection(ProjectConfigurationPlatforms) = postSolution
		{2F45A3E9-DC08-44AA-A38C-FCCD8B6F0D3E}.Debug|Any CPU.ActiveCfg = Debug|Any CPU
		{2F45A3E9-DC08-44AA-A38C-FCCD8B6F0D3E}.Debug|Any CPU.Build.0 = Debug|Any CPU
		{2F45A3E9-DC08-44AA-A38C-FCCD8B6F0D3E}.Release|Any CPU.ActiveCfg = Release|Any CPU
		{2F45A3E9-DC08-44AA-A38C-FCCD8B6F0D3E}.Release|Any CPU.Build.0 = Release|Any CPU
	EndGlobalSection
	GlobalSection(SolutionProperties) = preSolution
		HideSolutionNode = FALSE
	EndGlobalSection
	GlobalSection(ExtensibilityGlobals) = postSolution
		SolutionGuid = {05E71D52-F949-4E8D-84EB-E37B0BEC719D}
	EndGlobalSection
EndGlobal
